
Microsoft Visual Studio Solution File, Format Version 12.00
# Visual Studio 15
VisualStudioVersion = 15.0.27004.2006
MinimumVisualStudioVersion = 10.0.40219.1
Project("{FAE04EC0-301F-11D3-BF4B-00C04F79EFBC}") = "Threading", "Threading\Threading.csproj", "{045CB1DA-8A5C-40B3-8D19-B0FDEB453940}"
EndProject
Global
	GlobalSection(SolutionConfigurationPlatforms) = preSolution
		Debug|Any CPU = Debug|Any CPU
		Release|Any CPU = Release|Any CPU
	EndGlobalSection
	GlobalSection(ProjectConfigurationPlatforms) = postSolution
		{045CB1DA-8A5C-40B3-8D19-B0FDEB453940}.Debug|Any CPU.ActiveCfg = Debug|Any CPU
		{045CB1DA-8A5C-40B3-8D19-B0FDEB453940}.Debug|Any CPU.Build.0 = Debug|Any CPU
		{045CB1DA-8A5C-40B3-8D19-B0FDEB453940}.Release|Any CPU.ActiveCfg = Release|Any CPU
		{045CB1DA-8A5C-40B3-8D19-B0FDEB453940}.Release|Any CPU.Build.0 = Release|Any CPU
	EndGlobalSection
	GlobalSection(SolutionProperties) = preSolution
		HideSolutionNode = FALSE
	EndGlobalSection
	GlobalSection(ExtensibilityGlobals) = postSolution
		SolutionGuid = {BB41D220-D3C4-4F67-A0EB-A099AD6832C4}
	EndGlobalSection
EndGlobal
