
Microsoft Visual Studio Solution File, Format Version 12.00
# Visual Studio 15
VisualStudioVersion = 15.0.27004.2006
MinimumVisualStudioVersion = 10.0.40219.1
Project("{FAE04EC0-301F-11D3-BF4B-00C04F79EFBC}") = "2905lesson", "2905lesson\2905lesson.csproj", "{91DAB43D-F4E9-4543-BA29-BCA4ADE2F641}"
EndProject
Global
	GlobalSection(SolutionConfigurationPlatforms) = preSolution
		Debug|Any CPU = Debug|Any CPU
		Release|Any CPU = Release|Any CPU
	EndGlobalSection
	GlobalSection(ProjectConfigurationPlatforms) = postSolution
		{91DAB43D-F4E9-4543-BA29-BCA4ADE2F641}.Debug|Any CPU.ActiveCfg = Debug|Any CPU
		{91DAB43D-F4E9-4543-BA29-BCA4ADE2F641}.Debug|Any CPU.Build.0 = Debug|Any CPU
		{91DAB43D-F4E9-4543-BA29-BCA4ADE2F641}.Release|Any CPU.ActiveCfg = Release|Any CPU
		{91DAB43D-F4E9-4543-BA29-BCA4ADE2F641}.Release|Any CPU.Build.0 = Release|Any CPU
	EndGlobalSection
	GlobalSection(SolutionProperties) = preSolution
		HideSolutionNode = FALSE
	EndGlobalSection
	GlobalSection(ExtensibilityGlobals) = postSolution
		SolutionGuid = {0AD82F18-D3AD-4BBB-B673-4C3782DAF15C}
	EndGlobalSection
EndGlobal
